// !$*UTF8*$!
{
	archiveVersion = 1;
	classes = {
	};
	objectVersion = 77;
	objects = {

/* Begin PBXBuildFile section */
		7A245DCD2E578E6E00FE081B /* RealityKitContent in Frameworks */ = {isa = PBXBuildFile; productRef = 7A245DCC2E578E6E00FE081B /* RealityKitContent */; };
		7A245DD52E578E7000FE081B /* Assets.xcassets in Resources */ = {isa = PBXBuildFile; fileRef = 7A245DD42E578E7000FE081B /* Assets.xcassets */; };
		7A245E392E57CC5300FE081B /* ObjectTrackingApp.swift in Sources */ = {isa = PBXBuildFile; fileRef = 7A245DE42E57929500FE081B /* ObjectTrackingApp.swift */; };
		7A245E3A2E57CC6F00FE081B /* AppState.swift in Sources */ = {isa = PBXBuildFile; fileRef = 7A245DE92E5792D500FE081B /* AppState.swift */; };
		7A245E3B2E57CC6F00FE081B /* ObjectAnchorVisualization.swift in Sources */ = {isa = PBXBuildFile; fileRef = 7A245DEB2E5792D500FE081B /* ObjectAnchorVisualization.swift */; };
		7A245E3C2E57CC6F00FE081B /* AppModel.swift in Sources */ = {isa = PBXBuildFile; fileRef = 7A245DE82E5792D500FE081B /* AppModel.swift */; };
		7A245E3D2E57CC6F00FE081B /* ReferenceObjectLoader.swift in Sources */ = {isa = PBXBuildFile; fileRef = 7A245DEA2E5792D500FE081B /* ReferenceObjectLoader.swift */; };
		7A245E3E2E57CC7700FE081B /* MainScreen.swift in Sources */ = {isa = PBXBuildFile; fileRef = 7A245DE52E57929E00FE081B /* MainScreen.swift */; };
		7A245E3F2E57CC7700FE081B /* ImmersiveView.swift in Sources */ = {isa = PBXBuildFile; fileRef = 7A245DE62E57929E00FE081B /* ImmersiveView.swift */; };
		7A245E402E57CCC800FE081B /* Entity+ObjectTracking.swift in Sources */ = {isa = PBXBuildFile; fileRef = 7A245DED2E5792E400FE081B /* Entity+ObjectTracking.swift */; };
		7A245E422E57E2D400FE081B /* VoiceCommandManager.swift in Sources */ = {isa = PBXBuildFile; fileRef = 7A245DEF2E57940100FE081B /* VoiceCommandManager.swift */; };
		7A245E432E57E2D400FE081B /* USDZModelManager.swift in Sources */ = {isa = PBXBuildFile; fileRef = 7A245E252E579EC300FE081B /* USDZModelManager.swift */; };
		7A245E462E57E6AE00FE081B /* VoiceIndicatorView.swift in Sources */ = {isa = PBXBuildFile; fileRef = 7A245E452E57E6A600FE081B /* VoiceIndicatorView.swift */; };
		7A245E4E2E57F49A00FE081B /* PhantomRawModelV4.referenceobject in Sources */ = {isa = PBXBuildFile; fileRef = 7A245E4D2E57F49A00FE081B /* PhantomRawModelV4.referenceobject */; };
		7A6DFD7E2EBBD52D00B9C35B /* ARSurgeryApp.swift in Sources */ = {isa = PBXBuildFile; fileRef = 7A6DFD7D2EBBD52300B9C35B /* ARSurgeryApp.swift */; };
		7AC20F9A2E81DA8300C732FC /* ProbeRawModelv5.referenceobject in Sources */ = {isa = PBXBuildFile; fileRef = 7AC20F992E81DA8300C732FC /* ProbeRawModelv5.referenceobject */; };
		7AC20F9C2E81E1CC00C732FC /* Helpers.swift in Sources */ = {isa = PBXBuildFile; fileRef = 7AC20F9B2E81E1CA00C732FC /* Helpers.swift */; };
/* End PBXBuildFile section */

/* Begin PBXFileReference section */
		7A245DC72E578E6E00FE081B /* ARSurgery.app */ = {isa = PBXFileReference; explicitFileType = wrapper.application; includeInIndex = 0; path = ARSurgery.app; sourceTree = BUILT_PRODUCTS_DIR; };
		7A245DCB2E578E6E00FE081B /* RealityKitContent */ = {isa = PBXFileReference; lastKnownFileType = wrapper; path = RealityKitContent; sourceTree = "<group>"; };
		7A245DD42E578E7000FE081B /* Assets.xcassets */ = {isa = PBXFileReference; lastKnownFileType = folder.assetcatalog; path = Assets.xcassets; sourceTree = "<group>"; };
		7A245DE42E57929500FE081B /* ObjectTrackingApp.swift */ = {isa = PBXFileReference; lastKnownFileType = sourcecode.swift; path = ObjectTrackingApp.swift; sourceTree = "<group>"; };
		7A245DE52E57929E00FE081B /* MainScreen.swift */ = {isa = PBXFileReference; lastKnownFileType = sourcecode.swift; path = MainScreen.swift; sourceTree = "<group>"; };
		7A245DE62E57929E00FE081B /* ImmersiveView.swift */ = {isa = PBXFileReference; lastKnownFileType = sourcecode.swift; path = ImmersiveView.swift; sourceTree = "<group>"; };
		7A245DE82E5792D500FE081B /* AppModel.swift */ = {isa = PBXFileReference; lastKnownFileType = sourcecode.swift; path = AppModel.swift; sourceTree = "<group>"; };
		7A245DE92E5792D500FE081B /* AppState.swift */ = {isa = PBXFileReference; lastKnownFileType = sourcecode.swift; path = AppState.swift; sourceTree = "<group>"; };
		7A245DEA2E5792D500FE081B /* ReferenceObjectLoader.swift */ = {isa = PBXFileReference; lastKnownFileType = sourcecode.swift; path = ReferenceObjectLoader.swift; sourceTree = "<group>"; };
		7A245DEB2E5792D500FE081B /* ObjectAnchorVisualization.swift */ = {isa = PBXFileReference; lastKnownFileType = sourcecode.swift; path = ObjectAnchorVisualization.swift; sourceTree = "<group>"; };
		7A245DED2E5792E400FE081B /* Entity+ObjectTracking.swift */ = {isa = PBXFileReference; lastKnownFileType = sourcecode.swift; path = "Entity+ObjectTracking.swift"; sourceTree = "<group>"; };
		7A245DEF2E57940100FE081B /* VoiceCommandManager.swift */ = {isa = PBXFileReference; lastKnownFileType = sourcecode.swift; path = VoiceCommandManager.swift; sourceTree = "<group>"; };
		7A245E252E579EC300FE081B /* USDZModelManager.swift */ = {isa = PBXFileReference; lastKnownFileType = sourcecode.swift; path = USDZModelManager.swift; sourceTree = "<group>"; };
		7A245E372E57C9E800FE081B /* Info.plist */ = {isa = PBXFileReference; lastKnownFileType = text.plist.xml; path = Info.plist; sourceTree = "<group>"; };
		7A245E452E57E6A600FE081B /* VoiceIndicatorView.swift */ = {isa = PBXFileReference; lastKnownFileType = sourcecode.swift; path = VoiceIndicatorView.swift; sourceTree = "<group>"; };
		7A245E4D2E57F49A00FE081B /* PhantomRawModelV4.referenceobject */ = {isa = PBXFileReference; lastKnownFileType = file.referenceobject; path = PhantomRawModelV4.referenceobject; sourceTree = "<group>"; };
		7A6DFD7D2EBBD52300B9C35B /* ARSurgeryApp.swift */ = {isa = PBXFileReference; lastKnownFileType = sourcecode.swift; path = ARSurgeryApp.swift; sourceTree = SOURCE_ROOT; };
		7AC20F992E81DA8300C732FC /* ProbeRawModelv5.referenceobject */ = {isa = PBXFileReference; lastKnownFileType = file.referenceobject; path = ProbeRawModelv5.referenceobject; sourceTree = "<group>"; };
		7AC20F9B2E81E1CA00C732FC /* Helpers.swift */ = {isa = PBXFileReference; lastKnownFileType = sourcecode.swift; path = Helpers.swift; sourceTree = "<group>"; };
/* End PBXFileReference section */

/* Begin PBXFrameworksBuildPhase section */
		7A245DC42E578E6E00FE081B /* Frameworks */ = {
			isa = PBXFrameworksBuildPhase;
			buildActionMask = 2147483647;
			files = (
				7A245DCD2E578E6E00FE081B /* RealityKitContent in Frameworks */,
			);
			runOnlyForDeploymentPostprocessing = 0;
		};
/* End PBXFrameworksBuildPhase section */

/* Begin PBXGroup section */
		7A245DBE2E578E6E00FE081B = {
			isa = PBXGroup;
			children = (
				7A6DFD7D2EBBD52300B9C35B /* ARSurgeryApp.swift */,
				7A245DE92E5792D500FE081B /* AppState.swift */,
				7A245DE82E5792D500FE081B /* AppModel.swift */,
				7A245E372E57C9E800FE081B /* Info.plist */,
				7A245DD42E578E7000FE081B /* Assets.xcassets */,
				7A6DFD7B2EBBD3D300B9C35B /* Common */,
				7A245E262E57B86300FE081B /* ReferenceObjects */,
				7A245DE22E57927100FE081B /* VoiceCommand */,
				7A245DE12E57926B00FE081B /* ObjectTracking */,
				7A245DCA2E578E6E00FE081B /* Packages */,
				7A245DC82E578E6E00FE081B /* Products */,
			);
			sourceTree = "<group>";
		};
		7A245DC82E578E6E00FE081B /* Products */ = {
			isa = PBXGroup;
			children = (
				7A245DC72E578E6E00FE081B /* ARSurgery.app */,
			);
			name = Products;
			sourceTree = "<group>";
		};
		7A245DCA2E578E6E00FE081B /* Packages */ = {
			isa = PBXGroup;
			children = (
				7A245DCB2E578E6E00FE081B /* RealityKitContent */,
			);
			path = Packages;
			sourceTree = "<group>";
		};
		7A245DE12E57926B00FE081B /* ObjectTracking */ = {
			isa = PBXGroup;
			children = (
				7A245DE42E57929500FE081B /* ObjectTrackingApp.swift */,
				7A245DEC2E5792D500FE081B /* App */,
				7A245DE72E57929E00FE081B /* Views */,
				7A245DEE2E5792E400FE081B /* Extentions */,
			);
			path = ObjectTracking;
			sourceTree = "<group>";
		};
		7A245DE22E57927100FE081B /* VoiceCommand */ = {
			isa = PBXGroup;
			children = (
				7A245E442E57E6A100FE081B /* Views */,
				7A245E242E579EBA00FE081B /* Model */,
				7A245E232E579EB200FE081B /* Voice */,
			);
			path = VoiceCommand;
			sourceTree = "<group>";
		};
		7A245DE72E57929E00FE081B /* Views */ = {
			isa = PBXGroup;
			children = (
				7A245DE62E57929E00FE081B /* ImmersiveView.swift */,
			);
			path = Views;
			sourceTree = "<group>";
		};
		7A245DEC2E5792D500FE081B /* App */ = {
			isa = PBXGroup;
			children = (
				7A245DEA2E5792D500FE081B /* ReferenceObjectLoader.swift */,
				7A245DEB2E5792D500FE081B /* ObjectAnchorVisualization.swift */,
			);
			path = App;
			sourceTree = "<group>";
		};
		7A245DEE2E5792E400FE081B /* Extentions */ = {
			isa = PBXGroup;
			children = (
				7AC20F9B2E81E1CA00C732FC /* Helpers.swift */,
				7A245DED2E5792E400FE081B /* Entity+ObjectTracking.swift */,
			);
			path = Extentions;
			sourceTree = "<group>";
		};
		7A245E232E579EB200FE081B /* Voice */ = {
			isa = PBXGroup;
			children = (
				7A245DEF2E57940100FE081B /* VoiceCommandManager.swift */,
			);
			path = Voice;
			sourceTree = "<group>";
		};
		7A245E242E579EBA00FE081B /* Model */ = {
			isa = PBXGroup;
			children = (
				7A245E252E579EC300FE081B /* USDZModelManager.swift */,
			);
			path = Model;
			sourceTree = "<group>";
		};
		7A245E262E57B86300FE081B /* ReferenceObjects */ = {
			isa = PBXGroup;
			children = (
				7A245E4D2E57F49A00FE081B /* PhantomRawModelV4.referenceobject */,
				7AC20F992E81DA8300C732FC /* ProbeRawModelv5.referenceobject */,
			);
			path = ReferenceObjects;
			sourceTree = "<group>";
		};
		7A245E442E57E6A100FE081B /* Views */ = {
			isa = PBXGroup;
			children = (
				7A245E452E57E6A600FE081B /* VoiceIndicatorView.swift */,
			);
			path = Views;
			sourceTree = "<group>";
		};
		7A6DFD7B2EBBD3D300B9C35B /* Common */ = {
			isa = PBXGroup;
			children = (
				7A245DE52E57929E00FE081B /* MainScreen.swift */,
			);
			path = Common;
			sourceTree = "<group>";
		};
/* End PBXGroup section */

/* Begin PBXNativeTarget section */
		7A245DC62E578E6E00FE081B /* ARSurgery */ = {
			isa = PBXNativeTarget;
			buildConfigurationList = 7A245DD82E578E7000FE081B /* Build configuration list for PBXNativeTarget "ARSurgery" */;
			buildPhases = (
				7A245DC32E578E6E00FE081B /* Sources */,
				7A245DC42E578E6E00FE081B /* Frameworks */,
				7A245DC52E578E6E00FE081B /* Resources */,
			);
			buildRules = (
			);
			dependencies = (
			);
			name = ARSurgery;
			packageProductDependencies = (
				7A245DCC2E578E6E00FE081B /* RealityKitContent */,
			);
			productName = ARSurgery;
			productReference = 7A245DC72E578E6E00FE081B /* ARSurgery.app */;
			productType = "com.apple.product-type.application";
		};
/* End PBXNativeTarget section */

/* Begin PBXProject section */
		7A245DBF2E578E6E00FE081B /* Project object */ = {
			isa = PBXProject;
			attributes = {
				BuildIndependentTargetsInParallel = 1;
				LastSwiftUpdateCheck = 2600;
				LastUpgradeCheck = 2600;
				TargetAttributes = {
					7A245DC62E578E6E00FE081B = {
						CreatedOnToolsVersion = 26.0;
						LastSwiftMigration = 2600;
					};
				};
			};
			buildConfigurationList = 7A245DC22E578E6E00FE081B /* Build configuration list for PBXProject "ARSurgery" */;
			developmentRegion = en;
			hasScannedForEncodings = 0;
			knownRegions = (
				en,
				Base,
			);
			mainGroup = 7A245DBE2E578E6E00FE081B;
			minimizedProjectReferenceProxies = 1;
			preferredProjectObjectVersion = 77;
			productRefGroup = 7A245DC82E578E6E00FE081B /* Products */;
			projectDirPath = "";
			projectRoot = "";
			targets = (
				7A245DC62E578E6E00FE081B /* ARSurgery */,
			);
		};
/* End PBXProject section */

/* Begin PBXResourcesBuildPhase section */
		7A245DC52E578E6E00FE081B /* Resources */ = {
			isa = PBXResourcesBuildPhase;
			buildActionMask = 2147483647;
			files = (
				7A245DD52E578E7000FE081B /* Assets.xcassets in Resources */,
			);
			runOnlyForDeploymentPostprocessing = 0;
		};
/* End PBXResourcesBuildPhase section */

/* Begin PBXSourcesBuildPhase section */
		7A245DC32E578E6E00FE081B /* Sources */ = {
			isa = PBXSourcesBuildPhase;
			buildActionMask = 2147483647;
			files = (
				7A245E402E57CCC800FE081B /* Entity+ObjectTracking.swift in Sources */,
				7AC20F9C2E81E1CC00C732FC /* Helpers.swift in Sources */,
				7A245E392E57CC5300FE081B /* ObjectTrackingApp.swift in Sources */,
				7A245E422E57E2D400FE081B /* VoiceCommandManager.swift in Sources */,
				7A245E432E57E2D400FE081B /* USDZModelManager.swift in Sources */,
				7A245E3A2E57CC6F00FE081B /* AppState.swift in Sources */,
				7A245E4E2E57F49A00FE081B /* PhantomRawModelV4.referenceobject in Sources */,
				7A245E3E2E57CC7700FE081B /* MainScreen.swift in Sources */,
				7A6DFD7E2EBBD52D00B9C35B /* ARSurgeryApp.swift in Sources */,
				7A245E3F2E57CC7700FE081B /* ImmersiveView.swift in Sources */,
				7A245E3B2E57CC6F00FE081B /* ObjectAnchorVisualization.swift in Sources */,
				7A245E3C2E57CC6F00FE081B /* AppModel.swift in Sources */,
				7A245E462E57E6AE00FE081B /* VoiceIndicatorView.swift in Sources */,
				7A245E3D2E57CC6F00FE081B /* ReferenceObjectLoader.swift in Sources */,
				7AC20F9A2E81DA8300C732FC /* ProbeRawModelv5.referenceobject in Sources */,
			);
			runOnlyForDeploymentPostprocessing = 0;
		};
/* End PBXSourcesBuildPhase section */

/* Begin XCBuildConfiguration section */
		7A245DD92E578E7000FE081B /* Debug */ = {
			isa = XCBuildConfiguration;
			buildSettings = {
				ASSETCATALOG_COMPILER_APPICON_NAME = AppIcon;
				ASSETCATALOG_COMPILER_GLOBAL_ACCENT_COLOR_NAME = AccentColor;
				CLANG_ENABLE_MODULES = YES;
				CODE_SIGN_STYLE = Automatic;
				CURRENT_PROJECT_VERSION = 1;
				DEVELOPMENT_TEAM = BRV4JV9J5Q;
				ENABLE_PREVIEWS = YES;
				GENERATE_INFOPLIST_FILE = YES;
				INFOPLIST_FILE = Info.plist;
				INFOPLIST_KEY_NSMicrophoneUsageDescription = "This app needs microphone access for voice commands.";
				INFOPLIST_KEY_NSSpeechRecognitionUsageDescription = "This app uses speech recognition to process voice commands.";
				INFOPLIST_KEY_UIApplicationSceneManifest_Generation = YES;
				LD_RUNPATH_SEARCH_PATHS = (
					"$(inherited)",
					"@executable_path/Frameworks",
				);
				MARKETING_VERSION = 1.0;
				PRODUCT_BUNDLE_IDENTIFIER = com.sinrg.ARSurgery;
				PRODUCT_NAME = "$(TARGET_NAME)";
				STRING_CATALOG_GENERATE_SYMBOLS = YES;
				SUPPORTED_PLATFORMS = "xros xrsimulator";
				SWIFT_APPROACHABLE_CONCURRENCY = YES;
				SWIFT_DEFAULT_ACTOR_ISOLATION = MainActor;
				SWIFT_EMIT_LOC_STRINGS = YES;
				SWIFT_OPTIMIZATION_LEVEL = "-Onone";
				SWIFT_UPCOMING_FEATURE_MEMBER_IMPORT_VISIBILITY = YES;
				SWIFT_VERSION = 5.0;
				TARGETED_DEVICE_FAMILY = 7;
			};
			name = Debug;
		};
		7A245DDA2E578E7000FE081B /* Release */ = {
			isa = XCBuildConfiguration;
			buildSettings = {
				ASSETCATALOG_COMPILER_APPICON_NAME = AppIcon;
				ASSETCATALOG_COMPILER_GLOBAL_ACCENT_COLOR_NAME = AccentColor;
				CLANG_ENABLE_MODULES = YES;
				CODE_SIGN_STYLE = Automatic;
				CURRENT_PROJECT_VERSION = 1;
				DEVELOPMENT_TEAM = BRV4JV9J5Q;
				ENABLE_PREVIEWS = YES;
				GENERATE_INFOPLIST_FILE = YES;
				INFOPLIST_FILE = Info.plist;
				INFOPLIST_KEY_NSMicrophoneUsageDescription = "This app needs microphone access for voice commands.";
				INFOPLIST_KEY_NSSpeechRecognitionUsageDescription = "This app uses speech recognition to process voice commands.";
				INFOPLIST_KEY_UIApplicationSceneManifest_Generation = YES;
				LD_RUNPATH_SEARCH_PATHS = (
					"$(inherited)",
					"@executable_path/Frameworks",
				);
				MARKETING_VERSION = 1.0;
				PRODUCT_BUNDLE_IDENTIFIER = com.sinrg.ARSurgery;
				PRODUCT_NAME = "$(TARGET_NAME)";
				STRING_CATALOG_GENERATE_SYMBOLS = YES;
				SUPPORTED_PLATFORMS = "xros xrsimulator";
				SWIFT_APPROACHABLE_CONCURRENCY = YES;
				SWIFT_DEFAULT_ACTOR_ISOLATION = MainActor;
				SWIFT_EMIT_LOC_STRINGS = YES;
				SWIFT_UPCOMING_FEATURE_MEMBER_IMPORT_VISIBILITY = YES;
				SWIFT_VERSION = 5.0;
				TARGETED_DEVICE_FAMILY = 7;
			};
			name = Release;
		};
		7A245DDB2E578E7000FE081B /* Debug */ = {
			isa = XCBuildConfiguration;
			buildSettings = {
				ALWAYS_SEARCH_USER_PATHS = NO;
				ASSETCATALOG_COMPILER_GENERATE_SWIFT_ASSET_SYMBOL_EXTENSIONS = YES;
				CLANG_ANALYZER_NONNULL = YES;
				CLANG_ANALYZER_NUMBER_OBJECT_CONVERSION = YES_AGGRESSIVE;
				CLANG_CXX_LANGUAGE_STANDARD = "gnu++20";
				CLANG_ENABLE_MODULES = YES;
				CLANG_ENABLE_OBJC_ARC = YES;
				CLANG_ENABLE_OBJC_WEAK = YES;
				CLANG_WARN_BLOCK_CAPTURE_AUTORELEASING = YES;
				CLANG_WARN_BOOL_CONVERSION = YES;
				CLANG_WARN_COMMA = YES;
				CLANG_WARN_CONSTANT_CONVERSION = YES;
				CLANG_WARN_DEPRECATED_OBJC_IMPLEMENTATIONS = YES;
				CLANG_WARN_DIRECT_OBJC_ISA_USAGE = YES_ERROR;
				CLANG_WARN_DOCUMENTATION_COMMENTS = YES;
				CLANG_WARN_EMPTY_BODY = YES;
				CLANG_WARN_ENUM_CONVERSION = YES;
				CLANG_WARN_INFINITE_RECURSION = YES;
				CLANG_WARN_INT_CONVERSION = YES;
				CLANG_WARN_NON_LITERAL_NULL_CONVERSION = YES;
				CLANG_WARN_OBJC_IMPLICIT_RETAIN_SELF = YES;
				CLANG_WARN_OBJC_LITERAL_CONVERSION = YES;
				CLANG_WARN_OBJC_ROOT_CLASS = YES_ERROR;
				CLANG_WARN_QUOTED_INCLUDE_IN_FRAMEWORK_HEADER = YES;
				CLANG_WARN_RANGE_LOOP_ANALYSIS = YES;
				CLANG_WARN_STRICT_PROTOTYPES = YES;
				CLANG_WARN_SUSPICIOUS_MOVE = YES;
				CLANG_WARN_UNGUARDED_AVAILABILITY = YES_AGGRESSIVE;
				CLANG_WARN_UNREACHABLE_CODE = YES;
				CLANG_WARN__DUPLICATE_METHOD_MATCH = YES;
				COPY_PHASE_STRIP = NO;
				DEBUG_INFORMATION_FORMAT = dwarf;
				DEVELOPMENT_TEAM = BRV4JV9J5Q;
				ENABLE_STRICT_OBJC_MSGSEND = YES;
				ENABLE_TESTABILITY = YES;
				ENABLE_USER_SCRIPT_SANDBOXING = YES;
				GCC_C_LANGUAGE_STANDARD = gnu17;
				GCC_DYNAMIC_NO_PIC = NO;
				GCC_NO_COMMON_BLOCKS = YES;
				GCC_OPTIMIZATION_LEVEL = 0;
				GCC_PREPROCESSOR_DEFINITIONS = (
					"DEBUG=1",
					"$(inherited)",
				);
				GCC_WARN_64_TO_32_BIT_CONVERSION = YES;
				GCC_WARN_ABOUT_RETURN_TYPE = YES_ERROR;
				GCC_WARN_UNDECLARED_SELECTOR = YES;
				GCC_WARN_UNINITIALIZED_AUTOS = YES_AGGRESSIVE;
				GCC_WARN_UNUSED_FUNCTION = YES;
				GCC_WARN_UNUSED_VARIABLE = YES;
				LOCALIZATION_PREFERS_STRING_CATALOGS = YES;
				MTL_ENABLE_DEBUG_INFO = INCLUDE_SOURCE;
				MTL_FAST_MATH = YES;
				ONLY_ACTIVE_ARCH = YES;
				SDKROOT = xros;
				SWIFT_ACTIVE_COMPILATION_CONDITIONS = "DEBUG $(inherited)";
				SWIFT_OPTIMIZATION_LEVEL = "-Onone";
				XROS_DEPLOYMENT_TARGET = 2.6;
			};
			name = Debug;
		};
		7A245DDC2E578E7000FE081B /* Release */ = {
			isa = XCBuildConfiguration;
			buildSettings = {
				ALWAYS_SEARCH_USER_PATHS = NO;
				ASSETCATALOG_COMPILER_GENERATE_SWIFT_ASSET_SYMBOL_EXTENSIONS = YES;
				CLANG_ANALYZER_NONNULL = YES;
				CLANG_ANALYZER_NUMBER_OBJECT_CONVERSION = YES_AGGRESSIVE;
				CLANG_CXX_LANGUAGE_STANDARD = "gnu++20";
				CLANG_ENABLE_MODULES = YES;
				CLANG_ENABLE_OBJC_ARC = YES;
				CLANG_ENABLE_OBJC_WEAK = YES;
				CLANG_WARN_BLOCK_CAPTURE_AUTORELEASING = YES;
				CLANG_WARN_BOOL_CONVERSION = YES;
				CLANG_WARN_COMMA = YES;
				CLANG_WARN_CONSTANT_CONVERSION = YES;
				CLANG_WARN_DEPRECATED_OBJC_IMPLEMENTATIONS = YES;
				CLANG_WARN_DIRECT_OBJC_ISA_USAGE = YES_ERROR;
				CLANG_WARN_DOCUMENTATION_COMMENTS = YES;
				CLANG_WARN_EMPTY_BODY = YES;
				CLANG_WARN_ENUM_CONVERSION = YES;
				CLANG_WARN_INFINITE_RECURSION = YES;
				CLANG_WARN_INT_CONVERSION = YES;
				CLANG_WARN_NON_LITERAL_NULL_CONVERSION = YES;
				CLANG_WARN_OBJC_IMPLICIT_RETAIN_SELF = YES;
				CLANG_WARN_OBJC_LITERAL_CONVERSION = YES;
				CLANG_WARN_OBJC_ROOT_CLASS = YES_ERROR;
				CLANG_WARN_QUOTED_INCLUDE_IN_FRAMEWORK_HEADER = YES;
				CLANG_WARN_RANGE_LOOP_ANALYSIS = YES;
				CLANG_WARN_STRICT_PROTOTYPES = YES;
				CLANG_WARN_SUSPICIOUS_MOVE = YES;
				CLANG_WARN_UNGUARDED_AVAILABILITY = YES_AGGRESSIVE;
				CLANG_WARN_UNREACHABLE_CODE = YES;
				CLANG_WARN__DUPLICATE_METHOD_MATCH = YES;
				COPY_PHASE_STRIP = NO;
				DEBUG_INFORMATION_FORMAT = "dwarf-with-dsym";
				DEVELOPMENT_TEAM = BRV4JV9J5Q;
				ENABLE_NS_ASSERTIONS = NO;
				ENABLE_STRICT_OBJC_MSGSEND = YES;
				ENABLE_USER_SCRIPT_SANDBOXING = YES;
				GCC_C_LANGUAGE_STANDARD = gnu17;
				GCC_NO_COMMON_BLOCKS = YES;
				GCC_WARN_64_TO_32_BIT_CONVERSION = YES;
				GCC_WARN_ABOUT_RETURN_TYPE = YES_ERROR;
				GCC_WARN_UNDECLARED_SELECTOR = YES;
				GCC_WARN_UNINITIALIZED_AUTOS = YES_AGGRESSIVE;
				GCC_WARN_UNUSED_FUNCTION = YES;
				GCC_WARN_UNUSED_VARIABLE = YES;
				LOCALIZATION_PREFERS_STRING_CATALOGS = YES;
				MTL_ENABLE_DEBUG_INFO = NO;
				MTL_FAST_MATH = YES;
				SDKROOT = xros;
				SWIFT_COMPILATION_MODE = wholemodule;
				VALIDATE_PRODUCT = YES;
				XROS_DEPLOYMENT_TARGET = 2.6;
			};
			name = Release;
		};
/* End XCBuildConfiguration section */

/* Begin XCConfigurationList section */
		7A245DC22E578E6E00FE081B /* Build configuration list for PBXProject "ARSurgery" */ = {
			isa = XCConfigurationList;
			buildConfigurations = (
				7A245DDB2E578E7000FE081B /* Debug */,
				7A245DDC2E578E7000FE081B /* Release */,
			);
			defaultConfigurationIsVisible = 0;
			defaultConfigurationName = Release;
		};
		7A245DD82E578E7000FE081B /* Build configuration list for PBXNativeTarget "ARSurgery" */ = {
			isa = XCConfigurationList;
			buildConfigurations = (
				7A245DD92E578E7000FE081B /* Debug */,
				7A245DDA2E578E7000FE081B /* Release */,
			);
			defaultConfigurationIsVisible = 0;
			defaultConfigurationName = Release;
		};
/* End XCConfigurationList section */

/* Begin XCSwiftPackageProductDependency section */
		7A245DCC2E578E6E00FE081B /* RealityKitContent */ = {
			isa = XCSwiftPackageProductDependency;
			productName = RealityKitContent;
		};
/* End XCSwiftPackageProductDependency section */
	};
	rootObject = 7A245DBF2E578E6E00FE081B /* Project object */;
}
